%{
  "bunt": {:hex, :bunt, "1.0.0", "081c2c665f086849e6d57900292b3a161727ab40431219529f13c4ddcf3e7a44", [:mix], [], "hexpm", "dc5f86aa08a5f6fa6b8096f0735c4e76d54ae5c9fa2c143e5a1fc7c1cd9bb6b5"},
  "credo": {:hex, :credo, "1.7.19", "cc52129665fc7c15143d47838fda0f9cd6dac9ceced7bf4da6f85fcbfe64b12a", [:mix], [{:bunt, "~> 0.2.1 or ~> 1.0", [hex: :bunt, repo: "hexpm", optional: false]}, {:file_system, "~> 0.2 or ~> 1.0", [hex: :file_system, repo: "hexpm", optional: false]}, {:jason, "~> 1.0", [hex: :jason, repo: "hexpm", optional: false]}], "hexpm", "2d8bc95d5a7bb99dd2613621d4f08c6a3575c3fd4b62e6a2b48a100352a557b8"},
  "db_connection": {:hex, :db_connection, "2.10.2", "ae391e803a5adff104da913c2fc1c0c14a37f8b10001dcef568796e1fb7bf95c", [:mix], [{:telemetry, "~> 0.4 or ~> 1.0", [hex: :telemetry, repo: "hexpm", optional: false]}], "hexpm", "510b14482330f1af6490a2fa0efd8d4f1435d1529b165647df22ac0f2df0fa93"},
  "earmark_parser": {:hex, :earmark_parser, "1.4.46", "67607a0532e810c6f630a515c548d0b24949643f168cc556303bee4cf96105c7", [:mix], [], "hexpm", "9c44636e8a1c68c62f526b2dcd85d941dbbcee7ab82cf64ba06ce28bef8e89f5"},
  "ex_ast": {:hex, :ex_ast, "0.13.1", "b3d80ec163733176f63662ac44d2511445c224f6b5e4e3ce01f5eff83c4a5993", [:mix], [{:jason, "~> 1.4", [hex: :jason, repo: "hexpm", optional: false]}, {:sourceror, "~> 1.7", [hex: :sourceror, repo: "hexpm", optional: false]}], "hexpm", "bd15f68cde5ec945b859bd67416f26cf5499f1aef9b067eb2163ed244c7e703a"},
  "ex_dna": {:hex, :ex_dna, "1.5.4", "5a636109aeccca1c6df074367f53dc096f4280e90c075f5537ce8b8b4a843343", [:mix], [{:credo, "~> 1.7", [hex: :credo, repo: "hexpm", optional: true]}, {:gen_lsp, "~> 0.11", [hex: :gen_lsp, repo: "hexpm", optional: true]}, {:jason, "~> 1.0", [hex: :jason, repo: "hexpm", optional: false]}, {:makeup, "~> 1.0", [hex: :makeup, repo: "hexpm", optional: true]}, {:makeup_elixir, "~> 0.14 or ~> 1.0", [hex: :makeup_elixir, repo: "hexpm", optional: true]}], "hexpm", "66e6c7157127f023a219be16f2aa8e3a18c698e7a106f78bb24304b34df8034b"},
  "ex_doc": {:hex, :ex_doc, "0.40.4", "66f2e42bf588594d5a8aab31cad87f2ddad09d0da1b1a2f379340ec2c2e497cb", [:mix], [{:earmark_parser, "~> 1.4.46", [hex: :earmark_parser, repo: "hexpm", optional: false]}, {:makeup_c, ">= 0.1.0", [hex: :makeup_c, repo: "hexpm", optional: true]}, {:makeup_elixir, "~> 0.14 or ~> 1.0", [hex: :makeup_elixir, repo: "hexpm", optional: false]}, {:makeup_erlang, "~> 0.1 or ~> 1.0", [hex: :makeup_erlang, repo: "hexpm", optional: false]}, {:makeup_html, ">= 0.1.0", [hex: :makeup_html, repo: "hexpm", optional: true]}], "hexpm", "6222b9e423d76584ee34df2c82a5ed72c2d53dc153f7f483ad28b378694186cc"},
  "ex_slop": {:hex, :ex_slop, "0.4.5", "4e3ea38397d08d422f8e92e4cef16877e4a31a93c6abd07b494f4458e37c3ce2", [:mix], [{:credo, "~> 1.7", [hex: :credo, repo: "hexpm", optional: false]}], "hexpm", "174c1ce4da612f7d3e93734d08d81d93774bacb6a8e86123e7d6876369a2df81"},
  "file_system": {:hex, :file_system, "1.1.1", "31864f4685b0148f25bd3fbef2b1228457c0c89024ad67f7a81a3ffbc0bbad3a", [:mix], [], "hexpm", "7a15ff97dfe526aeefb090a7a9d3d03aa907e100e262a0f8f7746b78f8f87a5d"},
  "jason": {:hex, :jason, "1.4.5", "2e3a008590b0b8d7388c20293e9dcc9cf3e5d642fd2a114e4cbbb52e595d940a", [:mix], [{:decimal, "~> 1.0 or ~> 2.0 or ~> 3.0", [hex: :decimal, repo: "hexpm", optional: true]}], "hexpm", "b0c823996102bcd0239b3c2444eb00409b72f6a140c1950bc8b457d836b30684"},
  "libgraph": {:hex, :libgraph, "0.16.0", "3936f3eca6ef826e08880230f806bfea13193e49bf153f93edcf0239d4fd1d07", [:mix], [], "hexpm", "41ca92240e8a4138c30a7e06466acc709b0cbb795c643e9e17174a178982d6bf"},
  "makeup": {:hex, :makeup, "1.2.2", "882d46dc0905e9ff7abf2aab61a7e6b3dcc555533977d8a23b06019e6c89ac94", [:mix], [{:nimble_parsec, "~> 1.4", [hex: :nimble_parsec, repo: "hexpm", optional: false]}], "hexpm", "9a1a24e5b343b8ae16abea0822c10a6f75da27af7fa802ada5251f7579bfccfa"},
  "makeup_elixir": {:hex, :makeup_elixir, "1.0.1", "e928a4f984e795e41e3abd27bfc09f51db16ab8ba1aebdba2b3a575437efafc2", [:mix], [{:makeup, "~> 1.0", [hex: :makeup, repo: "hexpm", optional: false]}, {:nimble_parsec, "~> 1.2.3 or ~> 1.3", [hex: :nimble_parsec, repo: "hexpm", optional: false]}], "hexpm", "7284900d412a3e5cfd97fdaed4f5ed389b8f2b4cb49efc0eb3bd10e2febf9507"},
  "makeup_erlang": {:hex, :makeup_erlang, "1.1.0", "835f7e60792e08824cda445639555d7bf1bbbddb1b60b306e33cb6f6db24dc74", [:mix], [{:makeup, "~> 1.0", [hex: :makeup, repo: "hexpm", optional: false]}], "hexpm", "1cd6780fb1dd1a03979abaed0fe82712b0625118fd5257d3ebbf73f960c73c3c"},
  "nimble_parsec": {:hex, :nimble_parsec, "1.4.2", "8efba0122db06df95bfaa78f791344a89352ba04baedd3849593bfce4d0dc1c6", [:mix], [], "hexpm", "4b21398942dda052b403bbe1da991ccd03a053668d147d53fb8c4e0efe09c973"},
  "reach": {:hex, :reach, "2.2.0", "bcf49e100f9d7c8f16ae90b85d1f2c562fd7ff140bac489dcd1e28261f40abc7", [:mix], [{:boxart, "~> 0.3.3", [hex: :boxart, repo: "hexpm", optional: true]}, {:ex_ast, "~> 0.10", [hex: :ex_ast, repo: "hexpm", optional: false]}, {:ex_dna, "~> 1.5", [hex: :ex_dna, repo: "hexpm", optional: true]}, {:jason, "~> 1.0", [hex: :jason, repo: "hexpm", optional: true]}, {:libgraph, "~> 0.16.0", [hex: :libgraph, repo: "hexpm", optional: false]}, {:makeup, "~> 1.0", [hex: :makeup, repo: "hexpm", optional: true]}, {:makeup_elixir, "~> 1.0", [hex: :makeup_elixir, repo: "hexpm", optional: true]}, {:makeup_js, "~> 0.1", [hex: :makeup_js, repo: "hexpm", optional: true]}, {:quickbeam, "~> 0.10", [hex: :quickbeam, repo: "hexpm", optional: true]}], "hexpm", "e42dd1dc56e287ff4e76fe1364d6121998a4b364d6d3a3311a519940f9d0d2f3"},
  "rustler": {:hex, :rustler, "0.38.0", "7a8906998ff0d28e3021c0a73264abcda719bda344b2e58307c6805b0f87c9b4", [:mix], [{:jason, "~> 1.0", [hex: :jason, repo: "hexpm", optional: false]}], "hexpm", "704c03c1bf66be12b031c5a389347b91c81c5cb819a24b068b0de36fe4a5652a"},
  "rustler_precompiled": {:hex, :rustler_precompiled, "0.10.0", "8f07ff0865cb09a6a0f75e11701e9a46e331e05f737da4e5b01374dcd25b68c0", [:mix], [{:rustler, "~> 0.28", [hex: :rustler, repo: "hexpm", optional: true]}], "hexpm", "c68c9dc732c12acfdf4a7fa06f4e6f48a641179e6be49a474c8a60809929c430"},
  "sourceror": {:hex, :sourceror, "1.12.3", "f58eebef0765c7a369a49a755ab2a5ee88d92777f403ea5a08b722cefcc37f51", [:mix], [], "hexpm", "d5f2f37099de794840f08c54ae546d7f6e4ea015e397be64aebe4996fa9f7da7"},
  "table": {:hex, :table, "0.1.2", "87ad1125f5b70c5dea0307aa633194083eb5182ec537efc94e96af08937e14a8", [:mix], [], "hexpm", "7e99bc7efef806315c7e65640724bf165c3061cdc5d854060f74468367065029"},
  "telemetry": {:hex, :telemetry, "1.4.2", "a0cb522801dffb1c49fe6e30561badffc7b6d0e180db1300df759faa22062855", [:rebar3], [], "hexpm", "928f6495066506077862c0d1646609eed891a4326bee3126ba54b60af61febb1"},
  "temp": {:hex, :temp, "0.4.9", "eb6355bfa7925a568b3d9eb3bb57e89aa6d2b78bfe8dfb6b698e090631b7f41f", [:mix], [], "hexpm", "bc8bf7b27d9105bef933ef4bf4ba37ac6b899dbeba329deaa88c60b62d6b4b6d"},
  "vibe_kit": {:hex, :vibe_kit, "0.1.7", "02466d8e734b264971c7eb0754144c80d8b4eca1968726811f4097ab802b9bf2", [:mix], [{:igniter, "~> 0.7", [hex: :igniter, repo: "hexpm", optional: true]}], "hexpm", "68a93e1a9e7aa7dce78490be72da750f3650a51e1da3c6e430584a3d6051dedc"},
}
